
Microsoft Visual Studio Solution File, Format Version 12.00
# Visual Studio Version 17
VisualStudioVersion = 17.3.32929.385
MinimumVisualStudioVersion = 10.0.40219.1
Project("{FAE04EC0-301F-11D3-BF4B-00C04F79EFBC}") = "Credit Card Mask", "Credit Card Mask.csproj", "{86C2E48E-05C8-4A1A-99F0-BF3E7C1E4366}"
EndProject
Global
	GlobalSection(SolutionConfigurationPlatforms) = preSolution
		Debug|Any CPU = Debug|Any CPU
		Release|Any CPU = Release|Any CPU
	EndGlobalSection
	GlobalSection(ProjectConfigurationPlatforms) = postSolution
		{86C2E48E-05C8-4A1A-99F0-BF3E7C1E4366}.Debug|Any CPU.ActiveCfg = Debug|Any CPU
		{86C2E48E-05C8-4A1A-99F0-BF3E7C1E4366}.Debug|Any CPU.Build.0 = Debug|Any CPU
		{86C2E48E-05C8-4A1A-99F0-BF3E7C1E4366}.Release|Any CPU.ActiveCfg = Release|Any CPU
		{86C2E48E-05C8-4A1A-99F0-BF3E7C1E4366}.Release|Any CPU.Build.0 = Release|Any CPU
	EndGlobalSection
	GlobalSection(SolutionProperties) = preSolution
		HideSolutionNode = FALSE
	EndGlobalSection
	GlobalSection(ExtensibilityGlobals) = postSolution
		SolutionGuid = {B1B209A0-AEC5-4CC2-BA05-25359A4D42A9}
	EndGlobalSection
EndGlobal
