
Microsoft Visual Studio Solution File, Format Version 12.00
# Visual Studio Version 17
VisualStudioVersion = 17.6.33927.249
MinimumVisualStudioVersion = 10.0.40219.1
Project("{FAE04EC0-301F-11D3-BF4B-00C04F79EFBC}") = "The wheat_rice and chessboard problem", "The wheat_rice and chessboard problem\The wheat_rice and chessboard problem.csproj", "{BE1D77E5-6380-4B8F-BAE0-2CF0FD39E421}"
EndProject
Project("{FAE04EC0-301F-11D3-BF4B-00C04F79EFBC}") = "The wheat_rice and chessboard problemTests", "The wheat_rice and chessboard problemTests\The wheat_rice and chessboard problemTests.csproj", "{E0088D48-DC44-4C8E-B488-9F2F6CEFA239}"
EndProject
Global
	GlobalSection(SolutionConfigurationPlatforms) = preSolution
		Debug|Any CPU = Debug|Any CPU
		Release|Any CPU = Release|Any CPU
	EndGlobalSection
	GlobalSection(ProjectConfigurationPlatforms) = postSolution
		{BE1D77E5-6380-4B8F-BAE0-2CF0FD39E421}.Debug|Any CPU.ActiveCfg = Debug|Any CPU
		{BE1D77E5-6380-4B8F-BAE0-2CF0FD39E421}.Debug|Any CPU.Build.0 = Debug|Any CPU
		{BE1D77E5-6380-4B8F-BAE0-2CF0FD39E421}.Release|Any CPU.ActiveCfg = Release|Any CPU
		{BE1D77E5-6380-4B8F-BAE0-2CF0FD39E421}.Release|Any CPU.Build.0 = Release|Any CPU
		{E0088D48-DC44-4C8E-B488-9F2F6CEFA239}.Debug|Any CPU.ActiveCfg = Debug|Any CPU
		{E0088D48-DC44-4C8E-B488-9F2F6CEFA239}.Debug|Any CPU.Build.0 = Debug|Any CPU
		{E0088D48-DC44-4C8E-B488-9F2F6CEFA239}.Release|Any CPU.ActiveCfg = Release|Any CPU
		{E0088D48-DC44-4C8E-B488-9F2F6CEFA239}.Release|Any CPU.Build.0 = Release|Any CPU
	EndGlobalSection
	GlobalSection(SolutionProperties) = preSolution
		HideSolutionNode = FALSE
	EndGlobalSection
	GlobalSection(ExtensibilityGlobals) = postSolution
		SolutionGuid = {3F7A16AF-37B4-4A3B-98C8-F05AF3B254B4}
	EndGlobalSection
EndGlobal
