
Microsoft Visual Studio Solution File, Format Version 12.00
# Visual Studio Version 17
VisualStudioVersion = 17.6.33815.320
MinimumVisualStudioVersion = 10.0.40219.1
Project("{9A19103F-16F7-4668-BE54-9A1E7A4F7556}") = "Categorize New Member", "Categorize New Member.csproj", "{1FFEF8A5-178E-44ED-9B1A-65B9CB8F30C9}"
EndProject
Global
	GlobalSection(SolutionConfigurationPlatforms) = preSolution
		Debug|Any CPU = Debug|Any CPU
		Release|Any CPU = Release|Any CPU
	EndGlobalSection
	GlobalSection(ProjectConfigurationPlatforms) = postSolution
		{1FFEF8A5-178E-44ED-9B1A-65B9CB8F30C9}.Debug|Any CPU.ActiveCfg = Debug|Any CPU
		{1FFEF8A5-178E-44ED-9B1A-65B9CB8F30C9}.Debug|Any CPU.Build.0 = Debug|Any CPU
		{1FFEF8A5-178E-44ED-9B1A-65B9CB8F30C9}.Release|Any CPU.ActiveCfg = Release|Any CPU
		{1FFEF8A5-178E-44ED-9B1A-65B9CB8F30C9}.Release|Any CPU.Build.0 = Release|Any CPU
	EndGlobalSection
	GlobalSection(SolutionProperties) = preSolution
		HideSolutionNode = FALSE
	EndGlobalSection
	GlobalSection(ExtensibilityGlobals) = postSolution
		SolutionGuid = {574BB87E-DC61-4118-BF87-86CA7420E010}
	EndGlobalSection
EndGlobal
