
Microsoft Visual Studio Solution File, Format Version 12.00
# Visual Studio Version 17
VisualStudioVersion = 17.4.33122.133
MinimumVisualStudioVersion = 10.0.40219.1
Project("{FAE04EC0-301F-11D3-BF4B-00C04F79EFBC}") = "List Filtering", "List Filtering\List Filtering.csproj", "{2A481F8F-737C-4724-80F8-3D013A572A1E}"
EndProject
Project("{FAE04EC0-301F-11D3-BF4B-00C04F79EFBC}") = "TestProject1", "TestProject1\TestProject1.csproj", "{F26200E0-1E6F-4560-808A-447E97BF6B0F}"
EndProject
Global
	GlobalSection(SolutionConfigurationPlatforms) = preSolution
		Debug|Any CPU = Debug|Any CPU
		Release|Any CPU = Release|Any CPU
	EndGlobalSection
	GlobalSection(ProjectConfigurationPlatforms) = postSolution
		{2A481F8F-737C-4724-80F8-3D013A572A1E}.Debug|Any CPU.ActiveCfg = Debug|Any CPU
		{2A481F8F-737C-4724-80F8-3D013A572A1E}.Debug|Any CPU.Build.0 = Debug|Any CPU
		{2A481F8F-737C-4724-80F8-3D013A572A1E}.Release|Any CPU.ActiveCfg = Release|Any CPU
		{2A481F8F-737C-4724-80F8-3D013A572A1E}.Release|Any CPU.Build.0 = Release|Any CPU
		{F26200E0-1E6F-4560-808A-447E97BF6B0F}.Debug|Any CPU.ActiveCfg = Debug|Any CPU
		{F26200E0-1E6F-4560-808A-447E97BF6B0F}.Debug|Any CPU.Build.0 = Debug|Any CPU
		{F26200E0-1E6F-4560-808A-447E97BF6B0F}.Release|Any CPU.ActiveCfg = Release|Any CPU
		{F26200E0-1E6F-4560-808A-447E97BF6B0F}.Release|Any CPU.Build.0 = Release|Any CPU
	EndGlobalSection
	GlobalSection(SolutionProperties) = preSolution
		HideSolutionNode = FALSE
	EndGlobalSection
	GlobalSection(ExtensibilityGlobals) = postSolution
		SolutionGuid = {B3218821-E062-4F28-A60A-659A78573091}
	EndGlobalSection
EndGlobal
