
Microsoft Visual Studio Solution File, Format Version 12.00
# Visual Studio Version 17
VisualStudioVersion = 17.4.33122.133
MinimumVisualStudioVersion = 10.0.40219.1
Project("{FAE04EC0-301F-11D3-BF4B-00C04F79EFBC}") = "Check the exam", "Check the exam\Check the exam.csproj", "{1EE91228-D2EE-453F-BFD8-3DF56A897357}"
EndProject
Project("{FAE04EC0-301F-11D3-BF4B-00C04F79EFBC}") = "TestProject1", "TestProject1\TestProject1.csproj", "{83F059C8-6020-4E93-B899-50856D628EED}"
EndProject
Global
	GlobalSection(SolutionConfigurationPlatforms) = preSolution
		Debug|Any CPU = Debug|Any CPU
		Release|Any CPU = Release|Any CPU
	EndGlobalSection
	GlobalSection(ProjectConfigurationPlatforms) = postSolution
		{1EE91228-D2EE-453F-BFD8-3DF56A897357}.Debug|Any CPU.ActiveCfg = Debug|Any CPU
		{1EE91228-D2EE-453F-BFD8-3DF56A897357}.Debug|Any CPU.Build.0 = Debug|Any CPU
		{1EE91228-D2EE-453F-BFD8-3DF56A897357}.Release|Any CPU.ActiveCfg = Release|Any CPU
		{1EE91228-D2EE-453F-BFD8-3DF56A897357}.Release|Any CPU.Build.0 = Release|Any CPU
		{83F059C8-6020-4E93-B899-50856D628EED}.Debug|Any CPU.ActiveCfg = Debug|Any CPU
		{83F059C8-6020-4E93-B899-50856D628EED}.Debug|Any CPU.Build.0 = Debug|Any CPU
		{83F059C8-6020-4E93-B899-50856D628EED}.Release|Any CPU.ActiveCfg = Release|Any CPU
		{83F059C8-6020-4E93-B899-50856D628EED}.Release|Any CPU.Build.0 = Release|Any CPU
	EndGlobalSection
	GlobalSection(SolutionProperties) = preSolution
		HideSolutionNode = FALSE
	EndGlobalSection
	GlobalSection(ExtensibilityGlobals) = postSolution
		SolutionGuid = {0B4CC27B-4F97-4FDA-83BC-B3806D51ACD1}
	EndGlobalSection
EndGlobal
