
Microsoft Visual Studio Solution File, Format Version 12.00
# Visual Studio Version 16
VisualStudioVersion = 16.0.33027.164
MinimumVisualStudioVersion = 10.0.40219.1
Project("{FAE04EC0-301F-11D3-BF4B-00C04F79EFBC}") = "validate code with simple regex", "validate code with simple regex\validate code with simple regex.csproj", "{1D5B5B33-B809-45A5-ACE2-48F0875C3D61}"
EndProject
Global
	GlobalSection(SolutionConfigurationPlatforms) = preSolution
		Debug|Any CPU = Debug|Any CPU
		Release|Any CPU = Release|Any CPU
	EndGlobalSection
	GlobalSection(ProjectConfigurationPlatforms) = postSolution
		{1D5B5B33-B809-45A5-ACE2-48F0875C3D61}.Debug|Any CPU.ActiveCfg = Debug|Any CPU
		{1D5B5B33-B809-45A5-ACE2-48F0875C3D61}.Debug|Any CPU.Build.0 = Debug|Any CPU
		{1D5B5B33-B809-45A5-ACE2-48F0875C3D61}.Release|Any CPU.ActiveCfg = Release|Any CPU
		{1D5B5B33-B809-45A5-ACE2-48F0875C3D61}.Release|Any CPU.Build.0 = Release|Any CPU
	EndGlobalSection
	GlobalSection(SolutionProperties) = preSolution
		HideSolutionNode = FALSE
	EndGlobalSection
	GlobalSection(ExtensibilityGlobals) = postSolution
		SolutionGuid = {D638B0F9-DAF0-4D3B-88B5-62B1243F933D}
	EndGlobalSection
EndGlobal
