
Microsoft Visual Studio Solution File, Format Version 12.00
# Visual Studio Version 17
VisualStudioVersion = 17.4.33205.214
MinimumVisualStudioVersion = 10.0.40219.1
Project("{FAE04EC0-301F-11D3-BF4B-00C04F79EFBC}") = "Switcheroo", "Switcheroo.csproj", "{C9E1CA97-8206-4BC5-837E-5EFDBBFEE6A7}"
EndProject
Global
	GlobalSection(SolutionConfigurationPlatforms) = preSolution
		Debug|Any CPU = Debug|Any CPU
		Release|Any CPU = Release|Any CPU
	EndGlobalSection
	GlobalSection(ProjectConfigurationPlatforms) = postSolution
		{C9E1CA97-8206-4BC5-837E-5EFDBBFEE6A7}.Debug|Any CPU.ActiveCfg = Debug|Any CPU
		{C9E1CA97-8206-4BC5-837E-5EFDBBFEE6A7}.Debug|Any CPU.Build.0 = Debug|Any CPU
		{C9E1CA97-8206-4BC5-837E-5EFDBBFEE6A7}.Release|Any CPU.ActiveCfg = Release|Any CPU
		{C9E1CA97-8206-4BC5-837E-5EFDBBFEE6A7}.Release|Any CPU.Build.0 = Release|Any CPU
	EndGlobalSection
	GlobalSection(SolutionProperties) = preSolution
		HideSolutionNode = FALSE
	EndGlobalSection
	GlobalSection(ExtensibilityGlobals) = postSolution
		SolutionGuid = {5CD8CEA7-74F8-49AC-8858-4FBA8793BB4A}
	EndGlobalSection
EndGlobal
