
Microsoft Visual Studio Solution File, Format Version 12.00
# Visual Studio Version 17
VisualStudioVersion = 17.3.32825.248
MinimumVisualStudioVersion = 10.0.40219.1
Project("{FAE04EC0-301F-11D3-BF4B-00C04F79EFBC}") = "MultipleOfIndex", "MultipleOfIndex.csproj", "{9F354F6E-E326-449F-ABA0-637035729380}"
EndProject
Global
	GlobalSection(SolutionConfigurationPlatforms) = preSolution
		Debug|Any CPU = Debug|Any CPU
		Release|Any CPU = Release|Any CPU
	EndGlobalSection
	GlobalSection(ProjectConfigurationPlatforms) = postSolution
		{9F354F6E-E326-449F-ABA0-637035729380}.Debug|Any CPU.ActiveCfg = Debug|Any CPU
		{9F354F6E-E326-449F-ABA0-637035729380}.Debug|Any CPU.Build.0 = Debug|Any CPU
		{9F354F6E-E326-449F-ABA0-637035729380}.Release|Any CPU.ActiveCfg = Release|Any CPU
		{9F354F6E-E326-449F-ABA0-637035729380}.Release|Any CPU.Build.0 = Release|Any CPU
	EndGlobalSection
	GlobalSection(SolutionProperties) = preSolution
		HideSolutionNode = FALSE
	EndGlobalSection
	GlobalSection(ExtensibilityGlobals) = postSolution
		SolutionGuid = {33B4BD71-DBBC-4EBF-9FC8-C245EE40BFB3}
	EndGlobalSection
EndGlobal
