
Microsoft Visual Studio Solution File, Format Version 12.00
# Visual Studio Version 17
VisualStudioVersion = 17.3.32929.385
MinimumVisualStudioVersion = 10.0.40219.1
Project("{FAE04EC0-301F-11D3-BF4B-00C04F79EFBC}") = "Abbreviate a Two Word Name", "Abbreviate a Two Word Name.csproj", "{79E4F2D4-050C-4AE5-BAA4-59A5FB0C1EFA}"
EndProject
Project("{FAE04EC0-301F-11D3-BF4B-00C04F79EFBC}") = "TestProject", "..\TestProject\TestProject.csproj", "{A9262F77-34F0-4C9D-9609-37756AD520B1}"
EndProject
Global
	GlobalSection(SolutionConfigurationPlatforms) = preSolution
		Debug|Any CPU = Debug|Any CPU
		Release|Any CPU = Release|Any CPU
	EndGlobalSection
	GlobalSection(ProjectConfigurationPlatforms) = postSolution
		{79E4F2D4-050C-4AE5-BAA4-59A5FB0C1EFA}.Debug|Any CPU.ActiveCfg = Debug|Any CPU
		{79E4F2D4-050C-4AE5-BAA4-59A5FB0C1EFA}.Debug|Any CPU.Build.0 = Debug|Any CPU
		{79E4F2D4-050C-4AE5-BAA4-59A5FB0C1EFA}.Release|Any CPU.ActiveCfg = Release|Any CPU
		{79E4F2D4-050C-4AE5-BAA4-59A5FB0C1EFA}.Release|Any CPU.Build.0 = Release|Any CPU
		{A9262F77-34F0-4C9D-9609-37756AD520B1}.Debug|Any CPU.ActiveCfg = Debug|Any CPU
		{A9262F77-34F0-4C9D-9609-37756AD520B1}.Debug|Any CPU.Build.0 = Debug|Any CPU
		{A9262F77-34F0-4C9D-9609-37756AD520B1}.Release|Any CPU.ActiveCfg = Release|Any CPU
		{A9262F77-34F0-4C9D-9609-37756AD520B1}.Release|Any CPU.Build.0 = Release|Any CPU
	EndGlobalSection
	GlobalSection(SolutionProperties) = preSolution
		HideSolutionNode = FALSE
	EndGlobalSection
	GlobalSection(ExtensibilityGlobals) = postSolution
		SolutionGuid = {49248FC0-2BF9-4C9F-949A-3F4056054BCF}
	EndGlobalSection
EndGlobal
