
Microsoft Visual Studio Solution File, Format Version 12.00
# Visual Studio Version 16
VisualStudioVersion = 16.0.33027.164
MinimumVisualStudioVersion = 10.0.40219.1
Project("{FAE04EC0-301F-11D3-BF4B-00C04F79EFBC}") = "Get number from string", "Get number from string\Get number from string.csproj", "{CF9BF4BC-C88B-4C6B-B750-1E0877B0B721}"
EndProject
Global
	GlobalSection(SolutionConfigurationPlatforms) = preSolution
		Debug|Any CPU = Debug|Any CPU
		Release|Any CPU = Release|Any CPU
	EndGlobalSection
	GlobalSection(ProjectConfigurationPlatforms) = postSolution
		{CF9BF4BC-C88B-4C6B-B750-1E0877B0B721}.Debug|Any CPU.ActiveCfg = Debug|Any CPU
		{CF9BF4BC-C88B-4C6B-B750-1E0877B0B721}.Debug|Any CPU.Build.0 = Debug|Any CPU
		{CF9BF4BC-C88B-4C6B-B750-1E0877B0B721}.Release|Any CPU.ActiveCfg = Release|Any CPU
		{CF9BF4BC-C88B-4C6B-B750-1E0877B0B721}.Release|Any CPU.Build.0 = Release|Any CPU
	EndGlobalSection
	GlobalSection(SolutionProperties) = preSolution
		HideSolutionNode = FALSE
	EndGlobalSection
	GlobalSection(ExtensibilityGlobals) = postSolution
		SolutionGuid = {BCE6900F-FDF2-4A11-AC27-5EBFA3463522}
	EndGlobalSection
EndGlobal
