
Microsoft Visual Studio Solution File, Format Version 12.00
# Visual Studio Version 17
VisualStudioVersion = 17.4.33122.133
MinimumVisualStudioVersion = 10.0.40219.1
Project("{FAE04EC0-301F-11D3-BF4B-00C04F79EFBC}") = "Name on billboard", "Name on billboard.csproj", "{6FA2AD95-7D5F-4D9B-B278-27D84BB7AB50}"
EndProject
Global
	GlobalSection(SolutionConfigurationPlatforms) = preSolution
		Debug|Any CPU = Debug|Any CPU
		Release|Any CPU = Release|Any CPU
	EndGlobalSection
	GlobalSection(ProjectConfigurationPlatforms) = postSolution
		{6FA2AD95-7D5F-4D9B-B278-27D84BB7AB50}.Debug|Any CPU.ActiveCfg = Debug|Any CPU
		{6FA2AD95-7D5F-4D9B-B278-27D84BB7AB50}.Debug|Any CPU.Build.0 = Debug|Any CPU
		{6FA2AD95-7D5F-4D9B-B278-27D84BB7AB50}.Release|Any CPU.ActiveCfg = Release|Any CPU
		{6FA2AD95-7D5F-4D9B-B278-27D84BB7AB50}.Release|Any CPU.Build.0 = Release|Any CPU
	EndGlobalSection
	GlobalSection(SolutionProperties) = preSolution
		HideSolutionNode = FALSE
	EndGlobalSection
	GlobalSection(ExtensibilityGlobals) = postSolution
		SolutionGuid = {BFE37B6B-9A10-43A7-AAC5-CA509BEF5312}
	EndGlobalSection
EndGlobal
