
Microsoft Visual Studio Solution File, Format Version 12.00
# Visual Studio Version 17
VisualStudioVersion = 17.3.32929.385
MinimumVisualStudioVersion = 10.0.40219.1
Project("{FAE04EC0-301F-11D3-BF4B-00C04F79EFBC}") = "Lario and Muigi Pipe Problem", "Lario and Muigi Pipe Problem\Lario and Muigi Pipe Problem.csproj", "{69F9CDCA-ED09-4CEB-9987-528B44113620}"
EndProject
Project("{FAE04EC0-301F-11D3-BF4B-00C04F79EFBC}") = "TestProject1", "TestProject1\TestProject1.csproj", "{8D67403D-6795-455F-96E2-79593283B8C5}"
EndProject
Global
	GlobalSection(SolutionConfigurationPlatforms) = preSolution
		Debug|Any CPU = Debug|Any CPU
		Release|Any CPU = Release|Any CPU
	EndGlobalSection
	GlobalSection(ProjectConfigurationPlatforms) = postSolution
		{69F9CDCA-ED09-4CEB-9987-528B44113620}.Debug|Any CPU.ActiveCfg = Debug|Any CPU
		{69F9CDCA-ED09-4CEB-9987-528B44113620}.Debug|Any CPU.Build.0 = Debug|Any CPU
		{69F9CDCA-ED09-4CEB-9987-528B44113620}.Release|Any CPU.ActiveCfg = Release|Any CPU
		{69F9CDCA-ED09-4CEB-9987-528B44113620}.Release|Any CPU.Build.0 = Release|Any CPU
		{8D67403D-6795-455F-96E2-79593283B8C5}.Debug|Any CPU.ActiveCfg = Debug|Any CPU
		{8D67403D-6795-455F-96E2-79593283B8C5}.Debug|Any CPU.Build.0 = Debug|Any CPU
		{8D67403D-6795-455F-96E2-79593283B8C5}.Release|Any CPU.ActiveCfg = Release|Any CPU
		{8D67403D-6795-455F-96E2-79593283B8C5}.Release|Any CPU.Build.0 = Release|Any CPU
	EndGlobalSection
	GlobalSection(SolutionProperties) = preSolution
		HideSolutionNode = FALSE
	EndGlobalSection
	GlobalSection(ExtensibilityGlobals) = postSolution
		SolutionGuid = {1D4269D7-00E2-4ED5-8CA4-24102DA16A31}
	EndGlobalSection
EndGlobal
