
Microsoft Visual Studio Solution File, Format Version 12.00
# Visual Studio Version 17
VisualStudioVersion = 17.6.33927.249
MinimumVisualStudioVersion = 10.0.40219.1
Project("{FAE04EC0-301F-11D3-BF4B-00C04F79EFBC}") = "Triangular Treasure", "Triangular Treasure\Triangular Treasure.csproj", "{C95A9355-F1B1-4780-A687-7DC259D968C1}"
EndProject
Project("{FAE04EC0-301F-11D3-BF4B-00C04F79EFBC}") = "Triangular TreasureTests", "Triangular TreasureTests\Triangular TreasureTests.csproj", "{10D69F1A-30A3-44BC-8446-DCD4A152CF1D}"
EndProject
Global
	GlobalSection(SolutionConfigurationPlatforms) = preSolution
		Debug|Any CPU = Debug|Any CPU
		Release|Any CPU = Release|Any CPU
	EndGlobalSection
	GlobalSection(ProjectConfigurationPlatforms) = postSolution
		{C95A9355-F1B1-4780-A687-7DC259D968C1}.Debug|Any CPU.ActiveCfg = Debug|Any CPU
		{C95A9355-F1B1-4780-A687-7DC259D968C1}.Debug|Any CPU.Build.0 = Debug|Any CPU
		{C95A9355-F1B1-4780-A687-7DC259D968C1}.Release|Any CPU.ActiveCfg = Release|Any CPU
		{C95A9355-F1B1-4780-A687-7DC259D968C1}.Release|Any CPU.Build.0 = Release|Any CPU
		{10D69F1A-30A3-44BC-8446-DCD4A152CF1D}.Debug|Any CPU.ActiveCfg = Debug|Any CPU
		{10D69F1A-30A3-44BC-8446-DCD4A152CF1D}.Debug|Any CPU.Build.0 = Debug|Any CPU
		{10D69F1A-30A3-44BC-8446-DCD4A152CF1D}.Release|Any CPU.ActiveCfg = Release|Any CPU
		{10D69F1A-30A3-44BC-8446-DCD4A152CF1D}.Release|Any CPU.Build.0 = Release|Any CPU
	EndGlobalSection
	GlobalSection(SolutionProperties) = preSolution
		HideSolutionNode = FALSE
	EndGlobalSection
	GlobalSection(ExtensibilityGlobals) = postSolution
		SolutionGuid = {50ABB364-4B49-48E0-B0CC-7E88A466EA9F}
	EndGlobalSection
EndGlobal
