
Microsoft Visual Studio Solution File, Format Version 12.00
# Visual Studio Version 17
VisualStudioVersion = 17.4.33103.184
MinimumVisualStudioVersion = 10.0.40219.1
Project("{FAE04EC0-301F-11D3-BF4B-00C04F79EFBC}") = "FundamentalsReturn", "FundamentalsReturn\FundamentalsReturn.csproj", "{74608056-4ABE-4759-BA91-153160C27DE0}"
EndProject
Global
	GlobalSection(SolutionConfigurationPlatforms) = preSolution
		Debug|Any CPU = Debug|Any CPU
		Release|Any CPU = Release|Any CPU
	EndGlobalSection
	GlobalSection(ProjectConfigurationPlatforms) = postSolution
		{74608056-4ABE-4759-BA91-153160C27DE0}.Debug|Any CPU.ActiveCfg = Debug|Any CPU
		{74608056-4ABE-4759-BA91-153160C27DE0}.Debug|Any CPU.Build.0 = Debug|Any CPU
		{74608056-4ABE-4759-BA91-153160C27DE0}.Release|Any CPU.ActiveCfg = Release|Any CPU
		{74608056-4ABE-4759-BA91-153160C27DE0}.Release|Any CPU.Build.0 = Release|Any CPU
	EndGlobalSection
	GlobalSection(SolutionProperties) = preSolution
		HideSolutionNode = FALSE
	EndGlobalSection
	GlobalSection(ExtensibilityGlobals) = postSolution
		SolutionGuid = {DB0E8DAC-A318-4B05-936F-6B8A88E559C7}
	EndGlobalSection
EndGlobal
