
Microsoft Visual Studio Solution File, Format Version 12.00
# Visual Studio Version 17
VisualStudioVersion = 17.4.33122.133
MinimumVisualStudioVersion = 10.0.40219.1
Project("{FAE04EC0-301F-11D3-BF4B-00C04F79EFBC}") = "Encrypt this!", "Encrypt this!\Encrypt this!.csproj", "{99714A08-1C5B-42D2-AEAB-87122F4680AE}"
EndProject
Project("{FAE04EC0-301F-11D3-BF4B-00C04F79EFBC}") = "TestProject1", "TestProject1\TestProject1.csproj", "{A0D1A01A-191F-496B-B34D-08A7AFF80F8C}"
EndProject
Global
	GlobalSection(SolutionConfigurationPlatforms) = preSolution
		Debug|Any CPU = Debug|Any CPU
		Release|Any CPU = Release|Any CPU
	EndGlobalSection
	GlobalSection(ProjectConfigurationPlatforms) = postSolution
		{99714A08-1C5B-42D2-AEAB-87122F4680AE}.Debug|Any CPU.ActiveCfg = Debug|Any CPU
		{99714A08-1C5B-42D2-AEAB-87122F4680AE}.Debug|Any CPU.Build.0 = Debug|Any CPU
		{99714A08-1C5B-42D2-AEAB-87122F4680AE}.Release|Any CPU.ActiveCfg = Release|Any CPU
		{99714A08-1C5B-42D2-AEAB-87122F4680AE}.Release|Any CPU.Build.0 = Release|Any CPU
		{A0D1A01A-191F-496B-B34D-08A7AFF80F8C}.Debug|Any CPU.ActiveCfg = Debug|Any CPU
		{A0D1A01A-191F-496B-B34D-08A7AFF80F8C}.Debug|Any CPU.Build.0 = Debug|Any CPU
		{A0D1A01A-191F-496B-B34D-08A7AFF80F8C}.Release|Any CPU.ActiveCfg = Release|Any CPU
		{A0D1A01A-191F-496B-B34D-08A7AFF80F8C}.Release|Any CPU.Build.0 = Release|Any CPU
	EndGlobalSection
	GlobalSection(SolutionProperties) = preSolution
		HideSolutionNode = FALSE
	EndGlobalSection
	GlobalSection(ExtensibilityGlobals) = postSolution
		SolutionGuid = {10ED810A-41CF-4376-B41F-E93F445E8588}
	EndGlobalSection
EndGlobal
