
Microsoft Visual Studio Solution File, Format Version 12.00
# Visual Studio Version 17
VisualStudioVersion = 17.4.33205.214
MinimumVisualStudioVersion = 10.0.40219.1
Project("{FAE04EC0-301F-11D3-BF4B-00C04F79EFBC}") = "TheCouponCode", "TheCouponCode\TheCouponCode.csproj", "{313BF91E-D818-417A-8F29-6A05CA325C3D}"
EndProject
Project("{FAE04EC0-301F-11D3-BF4B-00C04F79EFBC}") = "TestProject", "TestProject\TestProject.csproj", "{8317E55B-AEFD-4784-AD60-D7245955FE71}"
EndProject
Global
	GlobalSection(SolutionConfigurationPlatforms) = preSolution
		Debug|Any CPU = Debug|Any CPU
		Release|Any CPU = Release|Any CPU
	EndGlobalSection
	GlobalSection(ProjectConfigurationPlatforms) = postSolution
		{313BF91E-D818-417A-8F29-6A05CA325C3D}.Debug|Any CPU.ActiveCfg = Debug|Any CPU
		{313BF91E-D818-417A-8F29-6A05CA325C3D}.Debug|Any CPU.Build.0 = Debug|Any CPU
		{313BF91E-D818-417A-8F29-6A05CA325C3D}.Release|Any CPU.ActiveCfg = Release|Any CPU
		{313BF91E-D818-417A-8F29-6A05CA325C3D}.Release|Any CPU.Build.0 = Release|Any CPU
		{8317E55B-AEFD-4784-AD60-D7245955FE71}.Debug|Any CPU.ActiveCfg = Debug|Any CPU
		{8317E55B-AEFD-4784-AD60-D7245955FE71}.Debug|Any CPU.Build.0 = Debug|Any CPU
		{8317E55B-AEFD-4784-AD60-D7245955FE71}.Release|Any CPU.ActiveCfg = Release|Any CPU
		{8317E55B-AEFD-4784-AD60-D7245955FE71}.Release|Any CPU.Build.0 = Release|Any CPU
	EndGlobalSection
	GlobalSection(SolutionProperties) = preSolution
		HideSolutionNode = FALSE
	EndGlobalSection
	GlobalSection(ExtensibilityGlobals) = postSolution
		SolutionGuid = {118775FB-216A-403E-BB14-F85E448DD724}
	EndGlobalSection
EndGlobal
