
Microsoft Visual Studio Solution File, Format Version 12.00
# Visual Studio Version 17
VisualStudioVersion = 17.6.33815.320
MinimumVisualStudioVersion = 10.0.40219.1
Project("{FAE04EC0-301F-11D3-BF4B-00C04F79EFBC}") = "Find array", "Find array\Find array.csproj", "{85974E21-CEAE-4FB8-B1C8-53483126AC4F}"
EndProject
Project("{FAE04EC0-301F-11D3-BF4B-00C04F79EFBC}") = "TestProject", "TestProject\TestProject.csproj", "{C9B93E8D-773F-49CB-9356-91C2BE6380B6}"
EndProject
Global
	GlobalSection(SolutionConfigurationPlatforms) = preSolution
		Debug|Any CPU = Debug|Any CPU
		Release|Any CPU = Release|Any CPU
	EndGlobalSection
	GlobalSection(ProjectConfigurationPlatforms) = postSolution
		{85974E21-CEAE-4FB8-B1C8-53483126AC4F}.Debug|Any CPU.ActiveCfg = Debug|Any CPU
		{85974E21-CEAE-4FB8-B1C8-53483126AC4F}.Debug|Any CPU.Build.0 = Debug|Any CPU
		{85974E21-CEAE-4FB8-B1C8-53483126AC4F}.Release|Any CPU.ActiveCfg = Release|Any CPU
		{85974E21-CEAE-4FB8-B1C8-53483126AC4F}.Release|Any CPU.Build.0 = Release|Any CPU
		{C9B93E8D-773F-49CB-9356-91C2BE6380B6}.Debug|Any CPU.ActiveCfg = Debug|Any CPU
		{C9B93E8D-773F-49CB-9356-91C2BE6380B6}.Debug|Any CPU.Build.0 = Debug|Any CPU
		{C9B93E8D-773F-49CB-9356-91C2BE6380B6}.Release|Any CPU.ActiveCfg = Release|Any CPU
		{C9B93E8D-773F-49CB-9356-91C2BE6380B6}.Release|Any CPU.Build.0 = Release|Any CPU
	EndGlobalSection
	GlobalSection(SolutionProperties) = preSolution
		HideSolutionNode = FALSE
	EndGlobalSection
	GlobalSection(ExtensibilityGlobals) = postSolution
		SolutionGuid = {6401EDB8-EEE5-4381-BDF9-40A6452044B2}
	EndGlobalSection
EndGlobal
