
Microsoft Visual Studio Solution File, Format Version 12.00
# Visual Studio Version 17
VisualStudioVersion = 17.4.33103.184
MinimumVisualStudioVersion = 10.0.40219.1
Project("{FAE04EC0-301F-11D3-BF4B-00C04F79EFBC}") = "Exclamation marks series", "Exclamation marks series\Exclamation marks series.csproj", "{58A53D00-1DE8-478F-AE44-5F43FD9F7268}"
EndProject
Project("{FAE04EC0-301F-11D3-BF4B-00C04F79EFBC}") = "TestProject1", "TestProject1\TestProject1.csproj", "{D6E50EE8-DA2C-4C97-B42E-F75F2732362C}"
EndProject
Global
	GlobalSection(SolutionConfigurationPlatforms) = preSolution
		Debug|Any CPU = Debug|Any CPU
		Release|Any CPU = Release|Any CPU
	EndGlobalSection
	GlobalSection(ProjectConfigurationPlatforms) = postSolution
		{58A53D00-1DE8-478F-AE44-5F43FD9F7268}.Debug|Any CPU.ActiveCfg = Debug|Any CPU
		{58A53D00-1DE8-478F-AE44-5F43FD9F7268}.Debug|Any CPU.Build.0 = Debug|Any CPU
		{58A53D00-1DE8-478F-AE44-5F43FD9F7268}.Release|Any CPU.ActiveCfg = Release|Any CPU
		{58A53D00-1DE8-478F-AE44-5F43FD9F7268}.Release|Any CPU.Build.0 = Release|Any CPU
		{D6E50EE8-DA2C-4C97-B42E-F75F2732362C}.Debug|Any CPU.ActiveCfg = Debug|Any CPU
		{D6E50EE8-DA2C-4C97-B42E-F75F2732362C}.Debug|Any CPU.Build.0 = Debug|Any CPU
		{D6E50EE8-DA2C-4C97-B42E-F75F2732362C}.Release|Any CPU.ActiveCfg = Release|Any CPU
		{D6E50EE8-DA2C-4C97-B42E-F75F2732362C}.Release|Any CPU.Build.0 = Release|Any CPU
	EndGlobalSection
	GlobalSection(SolutionProperties) = preSolution
		HideSolutionNode = FALSE
	EndGlobalSection
	GlobalSection(ExtensibilityGlobals) = postSolution
		SolutionGuid = {A07D6525-EDC6-4C90-80FF-859362085EDB}
	EndGlobalSection
EndGlobal
