
Microsoft Visual Studio Solution File, Format Version 12.00
# Visual Studio Version 17
VisualStudioVersion = 17.6.33927.249
MinimumVisualStudioVersion = 10.0.40219.1
Project("{FAE04EC0-301F-11D3-BF4B-00C04F79EFBC}") = "Two numbers are positive", "Two numbers are positive.csproj", "{71278D96-4EE4-45E9-81E6-527A70BD18A7}"
EndProject
Project("{FAE04EC0-301F-11D3-BF4B-00C04F79EFBC}") = "Two numbers are positiveTests", "..\Two numbers are positiveTests\Two numbers are positiveTests.csproj", "{24F57D1A-F95F-49D7-8A68-88D26CE39FD9}"
EndProject
Global
	GlobalSection(SolutionConfigurationPlatforms) = preSolution
		Debug|Any CPU = Debug|Any CPU
		Release|Any CPU = Release|Any CPU
	EndGlobalSection
	GlobalSection(ProjectConfigurationPlatforms) = postSolution
		{71278D96-4EE4-45E9-81E6-527A70BD18A7}.Debug|Any CPU.ActiveCfg = Debug|Any CPU
		{71278D96-4EE4-45E9-81E6-527A70BD18A7}.Debug|Any CPU.Build.0 = Debug|Any CPU
		{71278D96-4EE4-45E9-81E6-527A70BD18A7}.Release|Any CPU.ActiveCfg = Release|Any CPU
		{71278D96-4EE4-45E9-81E6-527A70BD18A7}.Release|Any CPU.Build.0 = Release|Any CPU
		{24F57D1A-F95F-49D7-8A68-88D26CE39FD9}.Debug|Any CPU.ActiveCfg = Debug|Any CPU
		{24F57D1A-F95F-49D7-8A68-88D26CE39FD9}.Debug|Any CPU.Build.0 = Debug|Any CPU
		{24F57D1A-F95F-49D7-8A68-88D26CE39FD9}.Release|Any CPU.ActiveCfg = Release|Any CPU
		{24F57D1A-F95F-49D7-8A68-88D26CE39FD9}.Release|Any CPU.Build.0 = Release|Any CPU
	EndGlobalSection
	GlobalSection(SolutionProperties) = preSolution
		HideSolutionNode = FALSE
	EndGlobalSection
	GlobalSection(ExtensibilityGlobals) = postSolution
		SolutionGuid = {404C9B8B-C156-4C3D-88E2-A1B984F36F71}
	EndGlobalSection
EndGlobal
