
Microsoft Visual Studio Solution File, Format Version 12.00
# Visual Studio Version 17
VisualStudioVersion = 17.6.33927.249
MinimumVisualStudioVersion = 10.0.40219.1
Project("{FAE04EC0-301F-11D3-BF4B-00C04F79EFBC}") = "Null-Conditional Operator (C# 6.0)", "Null-Conditional Operator (C# 6.0)\Null-Conditional Operator (C# 6.0).csproj", "{0900E4C4-18E1-4D9A-B3E1-01954F829972}"
EndProject
Global
	GlobalSection(SolutionConfigurationPlatforms) = preSolution
		Debug|Any CPU = Debug|Any CPU
		Release|Any CPU = Release|Any CPU
	EndGlobalSection
	GlobalSection(ProjectConfigurationPlatforms) = postSolution
		{0900E4C4-18E1-4D9A-B3E1-01954F829972}.Debug|Any CPU.ActiveCfg = Debug|Any CPU
		{0900E4C4-18E1-4D9A-B3E1-01954F829972}.Debug|Any CPU.Build.0 = Debug|Any CPU
		{0900E4C4-18E1-4D9A-B3E1-01954F829972}.Release|Any CPU.ActiveCfg = Release|Any CPU
		{0900E4C4-18E1-4D9A-B3E1-01954F829972}.Release|Any CPU.Build.0 = Release|Any CPU
	EndGlobalSection
	GlobalSection(SolutionProperties) = preSolution
		HideSolutionNode = FALSE
	EndGlobalSection
	GlobalSection(ExtensibilityGlobals) = postSolution
		SolutionGuid = {0893BFBF-7B39-4732-896B-0EFE0828386E}
	EndGlobalSection
EndGlobal
