
Microsoft Visual Studio Solution File, Format Version 12.00
# Visual Studio Version 17
VisualStudioVersion = 17.6.33927.249
MinimumVisualStudioVersion = 10.0.40219.1
Project("{FAE04EC0-301F-11D3-BF4B-00C04F79EFBC}") = "Min Factor Distance", "Min Factor Distance\Min Factor Distance.csproj", "{D35396FD-14AD-4BF1-89AA-67E864987D9D}"
EndProject
Project("{FAE04EC0-301F-11D3-BF4B-00C04F79EFBC}") = "Min Factor DistanceTests", "Min Factor DistanceTests\Min Factor DistanceTests.csproj", "{49E15DF4-A599-42AA-89C1-011361BEC68D}"
EndProject
Global
	GlobalSection(SolutionConfigurationPlatforms) = preSolution
		Debug|Any CPU = Debug|Any CPU
		Release|Any CPU = Release|Any CPU
	EndGlobalSection
	GlobalSection(ProjectConfigurationPlatforms) = postSolution
		{D35396FD-14AD-4BF1-89AA-67E864987D9D}.Debug|Any CPU.ActiveCfg = Debug|Any CPU
		{D35396FD-14AD-4BF1-89AA-67E864987D9D}.Debug|Any CPU.Build.0 = Debug|Any CPU
		{D35396FD-14AD-4BF1-89AA-67E864987D9D}.Release|Any CPU.ActiveCfg = Release|Any CPU
		{D35396FD-14AD-4BF1-89AA-67E864987D9D}.Release|Any CPU.Build.0 = Release|Any CPU
		{49E15DF4-A599-42AA-89C1-011361BEC68D}.Debug|Any CPU.ActiveCfg = Debug|Any CPU
		{49E15DF4-A599-42AA-89C1-011361BEC68D}.Debug|Any CPU.Build.0 = Debug|Any CPU
		{49E15DF4-A599-42AA-89C1-011361BEC68D}.Release|Any CPU.ActiveCfg = Release|Any CPU
		{49E15DF4-A599-42AA-89C1-011361BEC68D}.Release|Any CPU.Build.0 = Release|Any CPU
	EndGlobalSection
	GlobalSection(SolutionProperties) = preSolution
		HideSolutionNode = FALSE
	EndGlobalSection
	GlobalSection(ExtensibilityGlobals) = postSolution
		SolutionGuid = {A2C731B6-E678-464D-8B6F-9A06BD33FE05}
	EndGlobalSection
EndGlobal
