
Microsoft Visual Studio Solution File, Format Version 12.00
# Visual Studio Version 17
VisualStudioVersion = 17.6.33927.249
MinimumVisualStudioVersion = 10.0.40219.1
Project("{FAE04EC0-301F-11D3-BF4B-00C04F79EFBC}") = "The old switcheroo 2", "The old switcheroo 2\The old switcheroo 2.csproj", "{C047260E-8B7D-4AA2-B271-160E6FFFD131}"
EndProject
Project("{FAE04EC0-301F-11D3-BF4B-00C04F79EFBC}") = "The old switcheroo 2Tests", "The old switcheroo 2Tests\The old switcheroo 2Tests.csproj", "{31C46324-5B81-4585-ABFA-4A48865C3D93}"
EndProject
Global
	GlobalSection(SolutionConfigurationPlatforms) = preSolution
		Debug|Any CPU = Debug|Any CPU
		Release|Any CPU = Release|Any CPU
	EndGlobalSection
	GlobalSection(ProjectConfigurationPlatforms) = postSolution
		{C047260E-8B7D-4AA2-B271-160E6FFFD131}.Debug|Any CPU.ActiveCfg = Debug|Any CPU
		{C047260E-8B7D-4AA2-B271-160E6FFFD131}.Debug|Any CPU.Build.0 = Debug|Any CPU
		{C047260E-8B7D-4AA2-B271-160E6FFFD131}.Release|Any CPU.ActiveCfg = Release|Any CPU
		{C047260E-8B7D-4AA2-B271-160E6FFFD131}.Release|Any CPU.Build.0 = Release|Any CPU
		{31C46324-5B81-4585-ABFA-4A48865C3D93}.Debug|Any CPU.ActiveCfg = Debug|Any CPU
		{31C46324-5B81-4585-ABFA-4A48865C3D93}.Debug|Any CPU.Build.0 = Debug|Any CPU
		{31C46324-5B81-4585-ABFA-4A48865C3D93}.Release|Any CPU.ActiveCfg = Release|Any CPU
		{31C46324-5B81-4585-ABFA-4A48865C3D93}.Release|Any CPU.Build.0 = Release|Any CPU
	EndGlobalSection
	GlobalSection(SolutionProperties) = preSolution
		HideSolutionNode = FALSE
	EndGlobalSection
	GlobalSection(ExtensibilityGlobals) = postSolution
		SolutionGuid = {5D2209D5-1258-4DDA-BF7F-2FBEA20AA4DF}
	EndGlobalSection
EndGlobal
