
Microsoft Visual Studio Solution File, Format Version 12.00
# Visual Studio Version 17
VisualStudioVersion = 17.4.33103.184
MinimumVisualStudioVersion = 10.0.40219.1
Project("{FAE04EC0-301F-11D3-BF4B-00C04F79EFBC}") = "Bumps in the Road", "Bumps in the Road\Bumps in the Road.csproj", "{F7887C3B-C4DC-4250-9086-782478FBECF2}"
EndProject
Project("{FAE04EC0-301F-11D3-BF4B-00C04F79EFBC}") = "TestProject1", "TestProject1\TestProject1.csproj", "{93B4AE30-D97D-4A68-92BE-058A91D584EC}"
EndProject
Global
	GlobalSection(SolutionConfigurationPlatforms) = preSolution
		Debug|Any CPU = Debug|Any CPU
		Release|Any CPU = Release|Any CPU
	EndGlobalSection
	GlobalSection(ProjectConfigurationPlatforms) = postSolution
		{F7887C3B-C4DC-4250-9086-782478FBECF2}.Debug|Any CPU.ActiveCfg = Debug|Any CPU
		{F7887C3B-C4DC-4250-9086-782478FBECF2}.Debug|Any CPU.Build.0 = Debug|Any CPU
		{F7887C3B-C4DC-4250-9086-782478FBECF2}.Release|Any CPU.ActiveCfg = Release|Any CPU
		{F7887C3B-C4DC-4250-9086-782478FBECF2}.Release|Any CPU.Build.0 = Release|Any CPU
		{93B4AE30-D97D-4A68-92BE-058A91D584EC}.Debug|Any CPU.ActiveCfg = Debug|Any CPU
		{93B4AE30-D97D-4A68-92BE-058A91D584EC}.Debug|Any CPU.Build.0 = Debug|Any CPU
		{93B4AE30-D97D-4A68-92BE-058A91D584EC}.Release|Any CPU.ActiveCfg = Release|Any CPU
		{93B4AE30-D97D-4A68-92BE-058A91D584EC}.Release|Any CPU.Build.0 = Release|Any CPU
	EndGlobalSection
	GlobalSection(SolutionProperties) = preSolution
		HideSolutionNode = FALSE
	EndGlobalSection
	GlobalSection(ExtensibilityGlobals) = postSolution
		SolutionGuid = {2EEA125D-4CA1-4314-BA8E-7625CC44547E}
	EndGlobalSection
EndGlobal
