
Microsoft Visual Studio Solution File, Format Version 12.00
# Visual Studio Version 17
VisualStudioVersion = 17.4.33122.133
MinimumVisualStudioVersion = 10.0.40219.1
Project("{FAE04EC0-301F-11D3-BF4B-00C04F79EFBC}") = "Alphabet symmetry", "Alphabet symmetry\Alphabet symmetry.csproj", "{6BDC6B2F-BDFA-472E-BCBF-09F7A00C665E}"
EndProject
Project("{FAE04EC0-301F-11D3-BF4B-00C04F79EFBC}") = "TestProject1", "TestProject1\TestProject1.csproj", "{A9B164D2-3C69-40DF-B4E5-3560D0491CEA}"
EndProject
Global
	GlobalSection(SolutionConfigurationPlatforms) = preSolution
		Debug|Any CPU = Debug|Any CPU
		Release|Any CPU = Release|Any CPU
	EndGlobalSection
	GlobalSection(ProjectConfigurationPlatforms) = postSolution
		{6BDC6B2F-BDFA-472E-BCBF-09F7A00C665E}.Debug|Any CPU.ActiveCfg = Debug|Any CPU
		{6BDC6B2F-BDFA-472E-BCBF-09F7A00C665E}.Debug|Any CPU.Build.0 = Debug|Any CPU
		{6BDC6B2F-BDFA-472E-BCBF-09F7A00C665E}.Release|Any CPU.ActiveCfg = Release|Any CPU
		{6BDC6B2F-BDFA-472E-BCBF-09F7A00C665E}.Release|Any CPU.Build.0 = Release|Any CPU
		{A9B164D2-3C69-40DF-B4E5-3560D0491CEA}.Debug|Any CPU.ActiveCfg = Debug|Any CPU
		{A9B164D2-3C69-40DF-B4E5-3560D0491CEA}.Debug|Any CPU.Build.0 = Debug|Any CPU
		{A9B164D2-3C69-40DF-B4E5-3560D0491CEA}.Release|Any CPU.ActiveCfg = Release|Any CPU
		{A9B164D2-3C69-40DF-B4E5-3560D0491CEA}.Release|Any CPU.Build.0 = Release|Any CPU
	EndGlobalSection
	GlobalSection(SolutionProperties) = preSolution
		HideSolutionNode = FALSE
	EndGlobalSection
	GlobalSection(ExtensibilityGlobals) = postSolution
		SolutionGuid = {CAC0B9CA-1A0A-4E01-8AD9-BC78532D38A7}
	EndGlobalSection
EndGlobal
